{
  "name": "FruitGAN_experiment",
  "lockfileVersion": 2,
  "requires": true,
  "packages": {
    "": {
      "devDependencies": {
        "svelte-loading-spinners": "^0.1.7"
      }
    },
    "node_modules/svelte-loading-spinners": {
      "version": "0.1.7",
      "resolved": "https://registry.npmjs.org/svelte-loading-spinners/-/svelte-loading-spinners-0.1.7.tgz",
      "integrity": "sha512-EKCId1DjVL2RSUVJJsvtNcqQHox03XIgh4xh/4p7r6ST7d8mut6INY9/LqK4A17PFU64+3quZmqiSfOlf480CA==",
      "dev": true
    }
  },
  "dependencies": {
    "svelte-loading-spinners": {
      "version": "0.1.7",
      "resolved": "https://registry.npmjs.org/svelte-loading-spinners/-/svelte-loading-spinners-0.1.7.tgz",
      "integrity": "sha512-EKCId1DjVL2RSUVJJsvtNcqQHox03XIgh4xh/4p7r6ST7d8mut6INY9/LqK4A17PFU64+3quZmqiSfOlf480CA==",
      "dev": true
    }
  }
}
